
Microsoft Visual Studio Solution File, Format Version 12.00
# Visual Studio 14
VisualStudioVersion = 14.0.24720.0
MinimumVisualStudioVersion = 10.0.40219.1
Project("{FAE04EC0-301F-11D3-BF4B-00C04F79EFBC}") = "NodeUtil", "NodeUtil\NodeUtil.csproj", "{84149D9B-F763-4B10-9B7E-036D70D20650}"
EndProject
Project("{FAE04EC0-301F-11D3-BF4B-00C04F79EFBC}") = "NodeClient", "NodeClient\NodeClient.csproj", "{44CA0B19-1239-469C-B333-A6D146AE2F67}"
EndProject
Project("{FAE04EC0-301F-11D3-BF4B-00C04F79EFBC}") = "NodeServer", "NodeServer\NodeServer.csproj", "{C9DF56BE-2B51-4255-933B-93177076F0BB}"
EndProject
Global
	GlobalSection(SolutionConfigurationPlatforms) = preSolution
		Debug|Any CPU = Debug|Any CPU
		Release|Any CPU = Release|Any CPU
	EndGlobalSection
	GlobalSection(ProjectConfigurationPlatforms) = postSolution
		{84149D9B-F763-4B10-9B7E-036D70D20650}.Debug|Any CPU.ActiveCfg = Debug|Any CPU
		{84149D9B-F763-4B10-9B7E-036D70D20650}.Debug|Any CPU.Build.0 = Debug|Any CPU
		{84149D9B-F763-4B10-9B7E-036D70D20650}.Release|Any CPU.ActiveCfg = Release|Any CPU
		{84149D9B-F763-4B10-9B7E-036D70D20650}.Release|Any CPU.Build.0 = Release|Any CPU
		{44CA0B19-1239-469C-B333-A6D146AE2F67}.Debug|Any CPU.ActiveCfg = Debug|Any CPU
		{44CA0B19-1239-469C-B333-A6D146AE2F67}.Debug|Any CPU.Build.0 = Debug|Any CPU
		{44CA0B19-1239-469C-B333-A6D146AE2F67}.Release|Any CPU.ActiveCfg = Release|Any CPU
		{44CA0B19-1239-469C-B333-A6D146AE2F67}.Release|Any CPU.Build.0 = Release|Any CPU
		{C9DF56BE-2B51-4255-933B-93177076F0BB}.Debug|Any CPU.ActiveCfg = Debug|Any CPU
		{C9DF56BE-2B51-4255-933B-93177076F0BB}.Debug|Any CPU.Build.0 = Debug|Any CPU
		{C9DF56BE-2B51-4255-933B-93177076F0BB}.Release|Any CPU.ActiveCfg = Release|Any CPU
		{C9DF56BE-2B51-4255-933B-93177076F0BB}.Release|Any CPU.Build.0 = Release|Any CPU
	EndGlobalSection
	GlobalSection(SolutionProperties) = preSolution
		HideSolutionNode = FALSE
	EndGlobalSection
EndGlobal
